
Microsoft Visual Studio Solution File, Format Version 12.00
# Visual Studio Version 17
VisualStudioVersion = 17.9.34902.65
MinimumVisualStudioVersion = 10.0.40219.1
Project("{FAE04EC0-301F-11D3-BF4B-00C04F79EFBC}") = "UnitTests", "UnitTests\UnitTests.csproj", "{71AC661F-ABB9-4C3D-8DA9-4875C7A63745}"
EndProject
Project("{FAE04EC0-301F-11D3-BF4B-00C04F79EFBC}") = "WebUI", "WebUI\WebUI.csproj", "{E7AA0AF2-6A8F-4E00-BEA5-FBD4995B07E7}"
EndProject
Project("{FAE04EC0-301F-11D3-BF4B-00C04F79EFBC}") = "Domain", "Domain\Domain.csproj", "{D3CB6389-C767-4BE1-9947-7D4AE997ADE5}"
EndProject
Global
	GlobalSection(SolutionConfigurationPlatforms) = preSolution
		Debug|Any CPU = Debug|Any CPU
		Release|Any CPU = Release|Any CPU
	EndGlobalSection
	GlobalSection(ProjectConfigurationPlatforms) = postSolution
		{71AC661F-ABB9-4C3D-8DA9-4875C7A63745}.Debug|Any CPU.ActiveCfg = Debug|Any CPU
		{71AC661F-ABB9-4C3D-8DA9-4875C7A63745}.Debug|Any CPU.Build.0 = Debug|Any CPU
		{71AC661F-ABB9-4C3D-8DA9-4875C7A63745}.Release|Any CPU.ActiveCfg = Release|Any CPU
		{71AC661F-ABB9-4C3D-8DA9-4875C7A63745}.Release|Any CPU.Build.0 = Release|Any CPU
		{E7AA0AF2-6A8F-4E00-BEA5-FBD4995B07E7}.Debug|Any CPU.ActiveCfg = Debug|Any CPU
		{E7AA0AF2-6A8F-4E00-BEA5-FBD4995B07E7}.Debug|Any CPU.Build.0 = Debug|Any CPU
		{E7AA0AF2-6A8F-4E00-BEA5-FBD4995B07E7}.Release|Any CPU.ActiveCfg = Release|Any CPU
		{E7AA0AF2-6A8F-4E00-BEA5-FBD4995B07E7}.Release|Any CPU.Build.0 = Release|Any CPU
		{D3CB6389-C767-4BE1-9947-7D4AE997ADE5}.Debug|Any CPU.ActiveCfg = Debug|Any CPU
		{D3CB6389-C767-4BE1-9947-7D4AE997ADE5}.Debug|Any CPU.Build.0 = Debug|Any CPU
		{D3CB6389-C767-4BE1-9947-7D4AE997ADE5}.Release|Any CPU.ActiveCfg = Release|Any CPU
		{D3CB6389-C767-4BE1-9947-7D4AE997ADE5}.Release|Any CPU.Build.0 = Release|Any CPU
	EndGlobalSection
	GlobalSection(SolutionProperties) = preSolution
		HideSolutionNode = FALSE
	EndGlobalSection
	GlobalSection(ExtensibilityGlobals) = postSolution
		SolutionGuid = {6A3C2239-08E5-401C-BB24-D7F9E2C1B425}
	EndGlobalSection
EndGlobal
